
Microsoft Visual Studio Solution File, Format Version 12.00
# Visual Studio Version 16
VisualStudioVersion = 16.0.31702.278
MinimumVisualStudioVersion = 10.0.40219.1
Project("{FAE04EC0-301F-11D3-BF4B-00C04F79EFBC}") = "Plamadeala_Maria_Lab5", "Plamadeala_Maria_Lab5.csproj", "{1CBA8B3E-5789-40AC-B8BD-5C168AA3AFDE}"
EndProject
Project("{FAE04EC0-301F-11D3-BF4B-00C04F79EFBC}") = "AutoLotModel", "..\AutoLotModel\AutoLotModel.csproj", "{687FBF3E-E179-464C-94C3-BC221BA70F8F}"
EndProject
Global
	GlobalSection(SolutionConfigurationPlatforms) = preSolution
		Debug|Any CPU = Debug|Any CPU
		Release|Any CPU = Release|Any CPU
	EndGlobalSection
	GlobalSection(ProjectConfigurationPlatforms) = postSolution
		{1CBA8B3E-5789-40AC-B8BD-5C168AA3AFDE}.Debug|Any CPU.ActiveCfg = Debug|Any CPU
		{1CBA8B3E-5789-40AC-B8BD-5C168AA3AFDE}.Debug|Any CPU.Build.0 = Debug|Any CPU
		{1CBA8B3E-5789-40AC-B8BD-5C168AA3AFDE}.Release|Any CPU.ActiveCfg = Release|Any CPU
		{1CBA8B3E-5789-40AC-B8BD-5C168AA3AFDE}.Release|Any CPU.Build.0 = Release|Any CPU
		{687FBF3E-E179-464C-94C3-BC221BA70F8F}.Debug|Any CPU.ActiveCfg = Debug|Any CPU
		{687FBF3E-E179-464C-94C3-BC221BA70F8F}.Debug|Any CPU.Build.0 = Debug|Any CPU
		{687FBF3E-E179-464C-94C3-BC221BA70F8F}.Release|Any CPU.ActiveCfg = Release|Any CPU
		{687FBF3E-E179-464C-94C3-BC221BA70F8F}.Release|Any CPU.Build.0 = Release|Any CPU
	EndGlobalSection
	GlobalSection(SolutionProperties) = preSolution
		HideSolutionNode = FALSE
	EndGlobalSection
	GlobalSection(ExtensibilityGlobals) = postSolution
		SolutionGuid = {95CD5376-38F6-4923-AFC4-AA1D9830EE00}
	EndGlobalSection
EndGlobal
